
Microsoft Visual Studio Solution File, Format Version 12.00
# Visual Studio Version 17
VisualStudioVersion = 17.0.32126.317
MinimumVisualStudioVersion = 10.0.40219.1
Project("{FAE04EC0-301F-11D3-BF4B-00C04F79EFBC}") = "ProjetoElevador", "ProjetoElevador\ProjetoElevador.csproj", "{9614F557-A403-443C-8DBC-C22429C800B2}"
EndProject
Global
	GlobalSection(SolutionConfigurationPlatforms) = preSolution
		Debug|Any CPU = Debug|Any CPU
		Release|Any CPU = Release|Any CPU
	EndGlobalSection
	GlobalSection(ProjectConfigurationPlatforms) = postSolution
		{9614F557-A403-443C-8DBC-C22429C800B2}.Debug|Any CPU.ActiveCfg = Debug|Any CPU
		{9614F557-A403-443C-8DBC-C22429C800B2}.Debug|Any CPU.Build.0 = Debug|Any CPU
		{9614F557-A403-443C-8DBC-C22429C800B2}.Release|Any CPU.ActiveCfg = Release|Any CPU
		{9614F557-A403-443C-8DBC-C22429C800B2}.Release|Any CPU.Build.0 = Release|Any CPU
	EndGlobalSection
	GlobalSection(SolutionProperties) = preSolution
		HideSolutionNode = FALSE
	EndGlobalSection
	GlobalSection(ExtensibilityGlobals) = postSolution
		SolutionGuid = {2C568E2E-2511-4FF9-BC87-1D991A05FC67}
	EndGlobalSection
EndGlobal
